// !$*UTF8*$!
{
	archiveVersion = 1;
	classes = {
	};
	objectVersion = 46;
	objects = {

/* Begin PBXBuildFile section */
		A01288031CE134450061040B /* AppDelegate.swift in Sources */ = {isa = PBXBuildFile; fileRef = A01288021CE134450061040B /* AppDelegate.swift */; };
		A01288051CE134450061040B /* ViewController.swift in Sources */ = {isa = PBXBuildFile; fileRef = A01288041CE134450061040B /* ViewController.swift */; };
		A01288081CE134450061040B /* Main.storyboard in Resources */ = {isa = PBXBuildFile; fileRef = A01288061CE134450061040B /* Main.storyboard */; };
		A012880A1CE134450061040B /* Assets.xcassets in Resources */ = {isa = PBXBuildFile; fileRef = A01288091CE134450061040B /* Assets.xcassets */; };
		A012880D1CE134450061040B /* LaunchScreen.storyboard in Resources */ = {isa = PBXBuildFile; fileRef = A012880B1CE134450061040B /* LaunchScreen.storyboard */; };
		A01288181CE134450061040B /* tip_calculatorTests.swift in Sources */ = {isa = PBXBuildFile; fileRef = A01288171CE134450061040B /* tip_calculatorTests.swift */; };
		A01288231CE134450061040B /* tip_calculatorUITests.swift in Sources */ = {isa = PBXBuildFile; fileRef = A01288221CE134450061040B /* tip_calculatorUITests.swift */; };
/* End PBXBuildFile section */

/* Begin PBXContainerItemProxy section */
		A01288141CE134450061040B /* PBXContainerItemProxy */ = {
			isa = PBXContainerItemProxy;
			containerPortal = A01287F71CE134450061040B /* Project object */;
			proxyType = 1;
			remoteGlobalIDString = A01287FE1CE134450061040B;
			remoteInfo = tip_calculator;
		};
		A012881F1CE134450061040B /* PBXContainerItemProxy */ = {
			isa = PBXContainerItemProxy;
			containerPortal = A01287F71CE134450061040B /* Project object */;
			proxyType = 1;
			remoteGlobalIDString = A01287FE1CE134450061040B;
			remoteInfo = tip_calculator;
		};
/* End PBXContainerItemProxy section */

/* Begin PBXFileReference section */
		A01287FF1CE134450061040B /* tip_calculator.app */ = {isa = PBXFileReference; explicitFileType = wrapper.application; includeInIndex = 0; path = tip_calculator.app; sourceTree = BUILT_PRODUCTS_DIR; };
		A01288021CE134450061040B /* AppDelegate.swift */ = {isa = PBXFileReference; lastKnownFileType = sourcecode.swift; path = AppDelegate.swift; sourceTree = "<group>"; };
		A01288041CE134450061040B /* ViewController.swift */ = {isa = PBXFileReference; lastKnownFileType = sourcecode.swift; path = ViewController.swift; sourceTree = "<group>"; };
		A01288071CE134450061040B /* Base */ = {isa = PBXFileReference; lastKnownFileType = file.storyboard; name = Base; path = Base.lproj/Main.storyboard; sourceTree = "<group>"; };
		A01288091CE134450061040B /* Assets.xcassets */ = {isa = PBXFileReference; lastKnownFileType = folder.assetcatalog; path = Assets.xcassets; sourceTree = "<group>"; };
		A012880C1CE134450061040B /* Base */ = {isa = PBXFileReference; lastKnownFileType = file.storyboard; name = Base; path = Base.lproj/LaunchScreen.storyboard; sourceTree = "<group>"; };
		A012880E1CE134450061040B /* Info.plist */ = {isa = PBXFileReference; lastKnownFileType = text.plist.xml; path = Info.plist; sourceTree = "<group>"; };
		A01288131CE134450061040B /* tip_calculatorTests.xctest */ = {isa = PBXFileReference; explicitFileType = wrapper.cfbundle; includeInIndex = 0; path = tip_calculatorTests.xctest; sourceTree = BUILT_PRODUCTS_DIR; };
		A01288171CE134450061040B /* tip_calculatorTests.swift */ = {isa = PBXFileReference; lastKnownFileType = sourcecode.swift; path = tip_calculatorTests.swift; sourceTree = "<group>"; };
		A01288191CE134450061040B /* Info.plist */ = {isa = PBXFileReference; lastKnownFileType = text.plist.xml; path = Info.plist; sourceTree = "<group>"; };
		A012881E1CE134450061040B /* tip_calculatorUITests.xctest */ = {isa = PBXFileReference; explicitFileType = wrapper.cfbundle; includeInIndex = 0; path = tip_calculatorUITests.xctest; sourceTree = BUILT_PRODUCTS_DIR; };
		A01288221CE134450061040B /* tip_calculatorUITests.swift */ = {isa = PBXFileReference; lastKnownFileType = sourcecode.swift; path = tip_calculatorUITests.swift; sourceTree = "<group>"; };
		A01288241CE134450061040B /* Info.plist */ = {isa = PBXFileReference; lastKnownFileType = text.plist.xml; path = Info.plist; sourceTree = "<group>"; };
/* End PBXFileReference section */

/* Begin PBXFrameworksBuildPhase section */
		A01287FC1CE134450061040B /* Frameworks */ = {
			isa = PBXFrameworksBuildPhase;
			buildActionMask = 2147483647;
			files = (
			);
			runOnlyForDeploymentPostprocessing = 0;
		};
		A01288101CE134450061040B /* Frameworks */ = {
			isa = PBXFrameworksBuildPhase;
			buildActionMask = 2147483647;
			files = (
			);
			runOnlyForDeploymentPostprocessing = 0;
		};
		A012881B1CE134450061040B /* Frameworks */ = {
			isa = PBXFrameworksBuildPhase;
			buildActionMask = 2147483647;
			files = (
			);
			runOnlyForDeploymentPostprocessing = 0;
		};
/* End PBXFrameworksBuildPhase section */

/* Begin PBXGroup section */
		A01287F61CE134450061040B = {
			isa = PBXGroup;
			children = (
				A01288011CE134450061040B /* tip_calculator */,
				A01288161CE134450061040B /* tip_calculatorTests */,
				A01288211CE134450061040B /* tip_calculatorUITests */,
				A01288001CE134450061040B /* Products */,
			);
			sourceTree = "<group>";
		};
		A01288001CE134450061040B /* Products */ = {
			isa = PBXGroup;
			children = (
				A01287FF1CE134450061040B /* tip_calculator.app */,
				A01288131CE134450061040B /* tip_calculatorTests.xctest */,
				A012881E1CE134450061040B /* tip_calculatorUITests.xctest */,
			);
			name = Products;
			sourceTree = "<group>";
		};
		A01288011CE134450061040B /* tip_calculator */ = {
			isa = PBXGroup;
			children = (
				A01288021CE134450061040B /* AppDelegate.swift */,
				A01288041CE134450061040B /* ViewController.swift */,
				A01288061CE134450061040B /* Main.storyboard */,
				A01288091CE134450061040B /* Assets.xcassets */,
				A012880B1CE134450061040B /* LaunchScreen.storyboard */,
				A012880E1CE134450061040B /* Info.plist */,
			);
			path = tip_calculator;
			sourceTree = "<group>";
		};
		A01288161CE134450061040B /* tip_calculatorTests */ = {
			isa = PBXGroup;
			children = (
				A01288171CE134450061040B /* tip_calculatorTests.swift */,
				A01288191CE134450061040B /* Info.plist */,
			);
			path = tip_calculatorTests;
			sourceTree = "<group>";
		};
		A01288211CE134450061040B /* tip_calculatorUITests */ = {
			isa = PBXGroup;
			children = (
				A01288221CE134450061040B /* tip_calculatorUITests.swift */,
				A01288241CE134450061040B /* Info.plist */,
			);
			path = tip_calculatorUITests;
			sourceTree = "<group>";
		};
/* End PBXGroup section */

/* Begin PBXNativeTarget section */
		A01287FE1CE134450061040B /* tip_calculator */ = {
			isa = PBXNativeTarget;
			buildConfigurationList = A01288271CE134450061040B /* Build configuration list for PBXNativeTarget "tip_calculator" */;
			buildPhases = (
				A01287FB1CE134450061040B /* Sources */,
				A01287FC1CE134450061040B /* Frameworks */,
				A01287FD1CE134450061040B /* Resources */,
			);
			buildRules = (
			);
			dependencies = (
			);
			name = tip_calculator;
			productName = tip_calculator;
			productReference = A01287FF1CE134450061040B /* tip_calculator.app */;
			productType = "com.apple.product-type.application";
		};
		A01288121CE134450061040B /* tip_calculatorTests */ = {
			isa = PBXNativeTarget;
			buildConfigurationList = A012882A1CE134450061040B /* Build configuration list for PBXNativeTarget "tip_calculatorTests" */;
			buildPhases = (
				A012880F1CE134450061040B /* Sources */,
				A01288101CE134450061040B /* Frameworks */,
				A01288111CE134450061040B /* Resources */,
			);
			buildRules = (
			);
			dependencies = (
				A01288151CE134450061040B /* PBXTargetDependency */,
			);
			name = tip_calculatorTests;
			productName = tip_calculatorTests;
			productReference = A01288131CE134450061040B /* tip_calculatorTests.xctest */;
			productType = "com.apple.product-type.bundle.unit-test";
		};
		A012881D1CE134450061040B /* tip_calculatorUITests */ = {
			isa = PBXNativeTarget;
			buildConfigurationList = A012882D1CE134450061040B /* Build configuration list for PBXNativeTarget "tip_calculatorUITests" */;
			buildPhases = (
				A012881A1CE134450061040B /* Sources */,
				A012881B1CE134450061040B /* Frameworks */,
				A012881C1CE134450061040B /* Resources */,
			);
			buildRules = (
			);
			dependencies = (
				A01288201CE134450061040B /* PBXTargetDependency */,
			);
			name = tip_calculatorUITests;
			productName = tip_calculatorUITests;
			productReference = A012881E1CE134450061040B /* tip_calculatorUITests.xctest */;
			productType = "com.apple.product-type.bundle.ui-testing";
		};
/* End PBXNativeTarget section */

/* Begin PBXProject section */
		A01287F71CE134450061040B /* Project object */ = {
			isa = PBXProject;
			attributes = {
				LastSwiftUpdateCheck = 0720;
				LastUpgradeCheck = 0720;
				ORGANIZATIONNAME = "Divyanshi Dwivedi - Vendor";
				TargetAttributes = {
					A01287FE1CE134450061040B = {
						CreatedOnToolsVersion = 7.2;
					};
					A01288121CE134450061040B = {
						CreatedOnToolsVersion = 7.2;
						TestTargetID = A01287FE1CE134450061040B;
					};
					A012881D1CE134450061040B = {
						CreatedOnToolsVersion = 7.2;
						TestTargetID = A01287FE1CE134450061040B;
					};
				};
			};
			buildConfigurationList = A01287FA1CE134450061040B /* Build configuration list for PBXProject "tip_calculator" */;
			compatibilityVersion = "Xcode 3.2";
			developmentRegion = English;
			hasScannedForEncodings = 0;
			knownRegions = (
				en,
				Base,
			);
			mainGroup = A01287F61CE134450061040B;
			productRefGroup = A01288001CE134450061040B /* Products */;
			projectDirPath = "";
			projectRoot = "";
			targets = (
				A01287FE1CE134450061040B /* tip_calculator */,
				A01288121CE134450061040B /* tip_calculatorTests */,
				A012881D1CE134450061040B /* tip_calculatorUITests */,
			);
		};
/* End PBXProject section */

/* Begin PBXResourcesBuildPhase section */
		A01287FD1CE134450061040B /* Resources */ = {
			isa = PBXResourcesBuildPhase;
			buildActionMask = 2147483647;
			files = (
				A012880D1CE134450061040B /* LaunchScreen.storyboard in Resources */,
				A012880A1CE134450061040B /* Assets.xcassets in Resources */,
				A01288081CE134450061040B /* Main.storyboard in Resources */,
			);
			runOnlyForDeploymentPostprocessing = 0;
		};
		A01288111CE134450061040B /* Resources */ = {
			isa = PBXResourcesBuildPhase;
			buildActionMask = 2147483647;
			files = (
			);
			runOnlyForDeploymentPostprocessing = 0;
		};
		A012881C1CE134450061040B /* Resources */ = {
			isa = PBXResourcesBuildPhase;
			buildActionMask = 2147483647;
			files = (
			);
			runOnlyForDeploymentPostprocessing = 0;
		};
/* End PBXResourcesBuildPhase section */

/* Begin PBXSourcesBuildPhase section */
		A01287FB1CE134450061040B /* Sources */ = {
			isa = PBXSourcesBuildPhase;
			buildActionMask = 2147483647;
			files = (
				A01288051CE134450061040B /* ViewController.swift in Sources */,
				A01288031CE134450061040B /* AppDelegate.swift in Sources */,
			);
			runOnlyForDeploymentPostprocessing = 0;
		};
		A012880F1CE134450061040B /* Sources */ = {
			isa = PBXSourcesBuildPhase;
			buildActionMask = 2147483647;
			files = (
				A01288181CE134450061040B /* tip_calculatorTests.swift in Sources */,
			);
			runOnlyForDeploymentPostprocessing = 0;
		};
		A012881A1CE134450061040B /* Sources */ = {
			isa = PBXSourcesBuildPhase;
			buildActionMask = 2147483647;
			files = (
				A01288231CE134450061040B /* tip_calculatorUITests.swift in Sources */,
			);
			runOnlyForDeploymentPostprocessing = 0;
		};
/* End PBXSourcesBuildPhase section */

/* Begin PBXTargetDependency section */
		A01288151CE134450061040B /* PBXTargetDependency */ = {
			isa = PBXTargetDependency;
			target = A01287FE1CE134450061040B /* tip_calculator */;
			targetProxy = A01288141CE134450061040B /* PBXContainerItemProxy */;
		};
		A01288201CE134450061040B /* PBXTargetDependency */ = {
			isa = PBXTargetDependency;
			target = A01287FE1CE134450061040B /* tip_calculator */;
			targetProxy = A012881F1CE134450061040B /* PBXContainerItemProxy */;
		};
/* End PBXTargetDependency section */

/* Begin PBXVariantGroup section */
		A01288061CE134450061040B /* Main.storyboard */ = {
			isa = PBXVariantGroup;
			children = (
				A01288071CE134450061040B /* Base */,
			);
			name = Main.storyboard;
			sourceTree = "<group>";
		};
		A012880B1CE134450061040B /* LaunchScreen.storyboard */ = {
			isa = PBXVariantGroup;
			children = (
				A012880C1CE134450061040B /* Base */,
			);
			name = LaunchScreen.storyboard;
			sourceTree = "<group>";
		};
/* End PBXVariantGroup section */

/* Begin XCBuildConfiguration section */
		A01288251CE134450061040B /* Debug */ = {
			isa = XCBuildConfiguration;
			buildSettings = {
				ALWAYS_SEARCH_USER_PATHS = NO;
				CLANG_CXX_LANGUAGE_STANDARD = "gnu++0x";
				CLANG_CXX_LIBRARY = "libc++";
				CLANG_ENABLE_MODULES = YES;
				CLANG_ENABLE_OBJC_ARC = YES;
				CLANG_WARN_BOOL_CONVERSION = YES;
				CLANG_WARN_CONSTANT_CONVERSION = YES;
				CLANG_WARN_DIRECT_OBJC_ISA_USAGE = YES_ERROR;
				CLANG_WARN_EMPTY_BODY = YES;
				CLANG_WARN_ENUM_CONVERSION = YES;
				CLANG_WARN_INT_CONVERSION = YES;
				CLANG_WARN_OBJC_ROOT_CLASS = YES_ERROR;
				CLANG_WARN_UNREACHABLE_CODE = YES;
				CLANG_WARN__DUPLICATE_METHOD_MATCH = YES;
				"CODE_SIGN_IDENTITY[sdk=iphoneos*]" = "iPhone Developer";
				COPY_PHASE_STRIP = NO;
				DEBUG_INFORMATION_FORMAT = dwarf;
				ENABLE_STRICT_OBJC_MSGSEND = YES;
				ENABLE_TESTABILITY = YES;
				GCC_C_LANGUAGE_STANDARD = gnu99;
				GCC_DYNAMIC_NO_PIC = NO;
				GCC_NO_COMMON_BLOCKS = YES;
				GCC_OPTIMIZATION_LEVEL = 0;
				GCC_PREPROCESSOR_DEFINITIONS = (
					"DEBUG=1",
					"$(inherited)",
				);
				GCC_WARN_64_TO_32_BIT_CONVERSION = YES;
				GCC_WARN_ABOUT_RETURN_TYPE = YES_ERROR;
				GCC_WARN_UNDECLARED_SELECTOR = YES;
				GCC_WARN_UNINITIALIZED_AUTOS = YES_AGGRESSIVE;
				GCC_WARN_UNUSED_FUNCTION = YES;
				GCC_WARN_UNUSED_VARIABLE = YES;
				IPHONEOS_DEPLOYMENT_TARGET = 9.2;
				MTL_ENABLE_DEBUG_INFO = YES;
				ONLY_ACTIVE_ARCH = YES;
				SDKROOT = iphoneos;
				SWIFT_OPTIMIZATION_LEVEL = "-Onone";
			};
			name = Debug;
		};
		A01288261CE134450061040B /* Release */ = {
			isa = XCBuildConfiguration;
			buildSettings = {
				ALWAYS_SEARCH_USER_PATHS = NO;
				CLANG_CXX_LANGUAGE_STANDARD = "gnu++0x";
				CLANG_CXX_LIBRARY = "libc++";
				CLANG_ENABLE_MODULES = YES;
				CLANG_ENABLE_OBJC_ARC = YES;
				CLANG_WARN_BOOL_CONVERSION = YES;
				CLANG_WARN_CONSTANT_CONVERSION = YES;
				CLANG_WARN_DIRECT_OBJC_ISA_USAGE = YES_ERROR;
				CLANG_WARN_EMPTY_BODY = YES;
				CLANG_WARN_ENUM_CONVERSION = YES;
				CLANG_WARN_INT_CONVERSION = YES;
				CLANG_WARN_OBJC_ROOT_CLASS = YES_ERROR;
				CLANG_WARN_UNREACHABLE_CODE = YES;
				CLANG_WARN__DUPLICATE_METHOD_MATCH = YES;
				"CODE_SIGN_IDENTITY[sdk=iphoneos*]" = "iPhone Developer";
				COPY_PHASE_STRIP = NO;
				DEBUG_INFORMATION_FORMAT = "dwarf-with-dsym";
				ENABLE_NS_ASSERTIONS = NO;
				ENABLE_STRICT_OBJC_MSGSEND = YES;
				GCC_C_LANGUAGE_STANDARD = gnu99;
				GCC_NO_COMMON_BLOCKS = YES;
				GCC_WARN_64_TO_32_BIT_CONVERSION = YES;
				GCC_WARN_ABOUT_RETURN_TYPE = YES_ERROR;
				GCC_WARN_UNDECLARED_SELECTOR = YES;
				GCC_WARN_UNINITIALIZED_AUTOS = YES_AGGRESSIVE;
				GCC_WARN_UNUSED_FUNCTION = YES;
				GCC_WARN_UNUSED_VARIABLE = YES;
				IPHONEOS_DEPLOYMENT_TARGET = 9.2;
				MTL_ENABLE_DEBUG_INFO = NO;
				SDKROOT = iphoneos;
				VALIDATE_PRODUCT = YES;
			};
			name = Release;
		};
		A01288281CE134450061040B /* Debug */ = {
			isa = XCBuildConfiguration;
			buildSettings = {
				ASSETCATALOG_COMPILER_APPICON_NAME = AppIcon;
				INFOPLIST_FILE = tip_calculator/Info.plist;
				LD_RUNPATH_SEARCH_PATHS = "$(inherited) @executable_path/Frameworks";
				PRODUCT_BUNDLE_IDENTIFIER = "Codepath.tip-calculator";
				PRODUCT_NAME = "$(TARGET_NAME)";
			};
			name = Debug;
		};
		A01288291CE134450061040B /* Release */ = {
			isa = XCBuildConfiguration;
			buildSettings = {
				ASSETCATALOG_COMPILER_APPICON_NAME = AppIcon;
				INFOPLIST_FILE = tip_calculator/Info.plist;
				LD_RUNPATH_SEARCH_PATHS = "$(inherited) @executable_path/Frameworks";
				PRODUCT_BUNDLE_IDENTIFIER = "Codepath.tip-calculator";
				PRODUCT_NAME = "$(TARGET_NAME)";
			};
			name = Release;
		};
		A012882B1CE134450061040B /* Debug */ = {
			isa = XCBuildConfiguration;
			buildSettings = {
				BUNDLE_LOADER = "$(TEST_HOST)";
				INFOPLIST_FILE = tip_calculatorTests/Info.plist;
				LD_RUNPATH_SEARCH_PATHS = "$(inherited) @executable_path/Frameworks @loader_path/Frameworks";
				PRODUCT_BUNDLE_IDENTIFIER = "Codepath.tip-calculatorTests";
				PRODUCT_NAME = "$(TARGET_NAME)";
				TEST_HOST = "$(BUILT_PRODUCTS_DIR)/tip_calculator.app/tip_calculator";
			};
			name = Debug;
		};
		A012882C1CE134450061040B /* Release */ = {
			isa = XCBuildConfiguration;
			buildSettings = {
				BUNDLE_LOADER = "$(TEST_HOST)";
				INFOPLIST_FILE = tip_calculatorTests/Info.plist;
				LD_RUNPATH_SEARCH_PATHS = "$(inherited) @executable_path/Frameworks @loader_path/Frameworks";
				PRODUCT_BUNDLE_IDENTIFIER = "Codepath.tip-calculatorTests";
				PRODUCT_NAME = "$(TARGET_NAME)";
				TEST_HOST = "$(BUILT_PRODUCTS_DIR)/tip_calculator.app/tip_calculator";
			};
			name = Release;
		};
		A012882E1CE134450061040B /* Debug */ = {
			isa = XCBuildConfiguration;
			buildSettings = {
				INFOPLIST_FILE = tip_calculatorUITests/Info.plist;
				LD_RUNPATH_SEARCH_PATHS = "$(inherited) @executable_path/Frameworks @loader_path/Frameworks";
				PRODUCT_BUNDLE_IDENTIFIER = "Codepath.tip-calculatorUITests";
				PRODUCT_NAME = "$(TARGET_NAME)";
				TEST_TARGET_NAME = tip_calculator;
				USES_XCTRUNNER = YES;
			};
			name = Debug;
		};
		A012882F1CE134450061040B /* Release */ = {
			isa = XCBuildConfiguration;
			buildSettings = {
				INFOPLIST_FILE = tip_calculatorUITests/Info.plist;
				LD_RUNPATH_SEARCH_PATHS = "$(inherited) @executable_path/Frameworks @loader_path/Frameworks";
				PRODUCT_BUNDLE_IDENTIFIER = "Codepath.tip-calculatorUITests";
				PRODUCT_NAME = "$(TARGET_NAME)";
				TEST_TARGET_NAME = tip_calculator;
				USES_XCTRUNNER = YES;
			};
			name = Release;
		};
/* End XCBuildConfiguration section */

/* Begin XCConfigurationList section */
		A01287FA1CE134450061040B /* Build configuration list for PBXProject "tip_calculator" */ = {
			isa = XCConfigurationList;
			buildConfigurations = (
				A01288251CE134450061040B /* Debug */,
				A01288261CE134450061040B /* Release */,
			);
			defaultConfigurationIsVisible = 0;
			defaultConfigurationName = Release;
		};
		A01288271CE134450061040B /* Build configuration list for PBXNativeTarget "tip_calculator" */ = {
			isa = XCConfigurationList;
			buildConfigurations = (
				A01288281CE134450061040B /* Debug */,
				A01288291CE134450061040B /* Release */,
			);
			defaultConfigurationIsVisible = 0;
		};
		A012882A1CE134450061040B /* Build configuration list for PBXNativeTarget "tip_calculatorTests" */ = {
			isa = XCConfigurationList;
			buildConfigurations = (
				A012882B1CE134450061040B /* Debug */,
				A012882C1CE134450061040B /* Release */,
			);
			defaultConfigurationIsVisible = 0;
		};
		A012882D1CE134450061040B /* Build configuration list for PBXNativeTarget "tip_calculatorUITests" */ = {
			isa = XCConfigurationList;
			buildConfigurations = (
				A012882E1CE134450061040B /* Debug */,
				A012882F1CE134450061040B /* Release */,
			);
			defaultConfigurationIsVisible = 0;
		};
/* End XCConfigurationList section */
	};
	rootObject = A01287F71CE134450061040B /* Project object */;
}
